
Microsoft Visual Studio Solution File, Format Version 12.00
# Visual Studio Version 16
VisualStudioVersion = 16.0.30711.63
MinimumVisualStudioVersion = 10.0.40219.1
Project("{9A19103F-16F7-4668-BE54-9A1E7A4F7556}") = "WebApi", "WebApi.csproj", "{AADBDA8E-7310-49DC-BA76-325695168F4A}"
EndProject
Global
	GlobalSection(SolutionConfigurationPlatforms) = preSolution
		Debug|Any CPU = Debug|Any CPU
		Release|Any CPU = Release|Any CPU
	EndGlobalSection
	GlobalSection(ProjectConfigurationPlatforms) = postSolution
		{AADBDA8E-7310-49DC-BA76-325695168F4A}.Debug|Any CPU.ActiveCfg = Debug|Any CPU
		{AADBDA8E-7310-49DC-BA76-325695168F4A}.Debug|Any CPU.Build.0 = Debug|Any CPU
		{AADBDA8E-7310-49DC-BA76-325695168F4A}.Release|Any CPU.ActiveCfg = Release|Any CPU
		{AADBDA8E-7310-49DC-BA76-325695168F4A}.Release|Any CPU.Build.0 = Release|Any CPU
	EndGlobalSection
	GlobalSection(SolutionProperties) = preSolution
		HideSolutionNode = FALSE
	EndGlobalSection
	GlobalSection(ExtensibilityGlobals) = postSolution
		SolutionGuid = {9FCD0752-269B-4767-B389-5BD3F4E8D071}
	EndGlobalSection
EndGlobal
